// !$*UTF8*$!
{
	archiveVersion = 1;
	classes = {
	};
	objectVersion = 46;
	objects = {

/* Begin PBXBuildFile section */
		F21351F31D2DF2BF00008D11 /* main.c in Sources */ = {isa = PBXBuildFile; fileRef = F21351F21D2DF2BF00008D11 /* main.c */; };
/* End PBXBuildFile section */

/* Begin PBXCopyFilesBuildPhase section */
		F21351ED1D2DF2BF00008D11 /* CopyFiles */ = {
			isa = PBXCopyFilesBuildPhase;
			buildActionMask = 2147483647;
			dstPath = /usr/share/man/man1/;
			dstSubfolderSpec = 0;
			files = (
			);
			runOnlyForDeploymentPostprocessing = 1;
		};
/* End PBXCopyFilesBuildPhase section */

/* Begin PBXFileReference section */
		F21351EF1D2DF2BF00008D11 /* Projeto_Controle_Despesa */ = {isa = PBXFileReference; explicitFileType = "compiled.mach-o.executable"; includeInIndex = 0; path = Projeto_Controle_Despesa; sourceTree = BUILT_PRODUCTS_DIR; };
		F21351F21D2DF2BF00008D11 /* main.c */ = {isa = PBXFileReference; lastKnownFileType = sourcecode.c.c; path = main.c; sourceTree = "<group>"; };
		F21351F91D2DF37500008D11 /* fila-h.h */ = {isa = PBXFileReference; fileEncoding = 4; lastKnownFileType = sourcecode.c.h; path = "fila-h.h"; sourceTree = "<group>"; };
/* End PBXFileReference section */

/* Begin PBXFrameworksBuildPhase section */
		F21351EC1D2DF2BF00008D11 /* Frameworks */ = {
			isa = PBXFrameworksBuildPhase;
			buildActionMask = 2147483647;
			files = (
			);
			runOnlyForDeploymentPostprocessing = 0;
		};
/* End PBXFrameworksBuildPhase section */

/* Begin PBXGroup section */
		F21351E61D2DF2BF00008D11 = {
			isa = PBXGroup;
			children = (
				F21351F11D2DF2BF00008D11 /* Projeto_Controle_Despesa */,
				F21351F01D2DF2BF00008D11 /* Products */,
			);
			sourceTree = "<group>";
		};
		F21351F01D2DF2BF00008D11 /* Products */ = {
			isa = PBXGroup;
			children = (
				F21351EF1D2DF2BF00008D11 /* Projeto_Controle_Despesa */,
			);
			name = Products;
			sourceTree = "<group>";
		};
		F21351F11D2DF2BF00008D11 /* Projeto_Controle_Despesa */ = {
			isa = PBXGroup;
			children = (
				F21351F21D2DF2BF00008D11 /* main.c */,
				F21351F91D2DF37500008D11 /* fila-h.h */,
			);
			path = Projeto_Controle_Despesa;
			sourceTree = "<group>";
		};
/* End PBXGroup section */

/* Begin PBXNativeTarget section */
		F21351EE1D2DF2BF00008D11 /* Projeto_Controle_Despesa */ = {
			isa = PBXNativeTarget;
			buildConfigurationList = F21351F61D2DF2BF00008D11 /* Build configuration list for PBXNativeTarget "Projeto_Controle_Despesa" */;
			buildPhases = (
				F21351EB1D2DF2BF00008D11 /* Sources */,
				F21351EC1D2DF2BF00008D11 /* Frameworks */,
				F21351ED1D2DF2BF00008D11 /* CopyFiles */,
			);
			buildRules = (
			);
			dependencies = (
			);
			name = Projeto_Controle_Despesa;
			productName = Projeto_Controle_Despesa;
			productReference = F21351EF1D2DF2BF00008D11 /* Projeto_Controle_Despesa */;
			productType = "com.apple.product-type.tool";
		};
/* End PBXNativeTarget section */

/* Begin PBXProject section */
		F21351E71D2DF2BF00008D11 /* Project object */ = {
			isa = PBXProject;
			attributes = {
				LastUpgradeCheck = 0730;
				ORGANIZATIONNAME = "Astral Chest";
				TargetAttributes = {
					F21351EE1D2DF2BF00008D11 = {
						CreatedOnToolsVersion = 7.3;
					};
				};
			};
			buildConfigurationList = F21351EA1D2DF2BF00008D11 /* Build configuration list for PBXProject "Projeto_Controle_Despesa" */;
			compatibilityVersion = "Xcode 3.2";
			developmentRegion = English;
			hasScannedForEncodings = 0;
			knownRegions = (
				en,
			);
			mainGroup = F21351E61D2DF2BF00008D11;
			productRefGroup = F21351F01D2DF2BF00008D11 /* Products */;
			projectDirPath = "";
			projectRoot = "";
			targets = (
				F21351EE1D2DF2BF00008D11 /* Projeto_Controle_Despesa */,
			);
		};
/* End PBXProject section */

/* Begin PBXSourcesBuildPhase section */
		F21351EB1D2DF2BF00008D11 /* Sources */ = {
			isa = PBXSourcesBuildPhase;
			buildActionMask = 2147483647;
			files = (
				F21351F31D2DF2BF00008D11 /* main.c in Sources */,
			);
			runOnlyForDeploymentPostprocessing = 0;
		};
/* End PBXSourcesBuildPhase section */

/* Begin XCBuildConfiguration section */
		F21351F41D2DF2BF00008D11 /* Debug */ = {
			isa = XCBuildConfiguration;
			buildSettings = {
				ALWAYS_SEARCH_USER_PATHS = NO;
				CLANG_ANALYZER_NONNULL = YES;
				CLANG_CXX_LANGUAGE_STANDARD = "gnu++0x";
				CLANG_CXX_LIBRARY = "libc++";
				CLANG_ENABLE_MODULES = YES;
				CLANG_ENABLE_OBJC_ARC = YES;
				CLANG_WARN_BOOL_CONVERSION = YES;
				CLANG_WARN_CONSTANT_CONVERSION = YES;
				CLANG_WARN_DIRECT_OBJC_ISA_USAGE = YES_ERROR;
				CLANG_WARN_EMPTY_BODY = YES;
				CLANG_WARN_ENUM_CONVERSION = YES;
				CLANG_WARN_INT_CONVERSION = YES;
				CLANG_WARN_OBJC_ROOT_CLASS = YES_ERROR;
				CLANG_WARN_UNREACHABLE_CODE = YES;
				CLANG_WARN__DUPLICATE_METHOD_MATCH = YES;
				CODE_SIGN_IDENTITY = "-";
				COPY_PHASE_STRIP = NO;
				DEBUG_INFORMATION_FORMAT = dwarf;
				ENABLE_STRICT_OBJC_MSGSEND = YES;
				ENABLE_TESTABILITY = YES;
				GCC_C_LANGUAGE_STANDARD = gnu99;
				GCC_DYNAMIC_NO_PIC = NO;
				GCC_NO_COMMON_BLOCKS = YES;
				GCC_OPTIMIZATION_LEVEL = 0;
				GCC_PREPROCESSOR_DEFINITIONS = (
					"DEBUG=1",
					"$(inherited)",
				);
				GCC_WARN_64_TO_32_BIT_CONVERSION = YES;
				GCC_WARN_ABOUT_RETURN_TYPE = YES_ERROR;
				GCC_WARN_UNDECLARED_SELECTOR = YES;
				GCC_WARN_UNINITIALIZED_AUTOS = YES_AGGRESSIVE;
				GCC_WARN_UNUSED_FUNCTION = YES;
				GCC_WARN_UNUSED_VARIABLE = YES;
				MACOSX_DEPLOYMENT_TARGET = 10.11;
				MTL_ENABLE_DEBUG_INFO = YES;
				ONLY_ACTIVE_ARCH = YES;
				SDKROOT = macosx;
			};
			name = Debug;
		};
		F21351F51D2DF2BF00008D11 /* Release */ = {
			isa = XCBuildConfiguration;
			buildSettings = {
				ALWAYS_SEARCH_USER_PATHS = NO;
				CLANG_ANALYZER_NONNULL = YES;
				CLANG_CXX_LANGUAGE_STANDARD = "gnu++0x";
				CLANG_CXX_LIBRARY = "libc++";
				CLANG_ENABLE_MODULES = YES;
				CLANG_ENABLE_OBJC_ARC = YES;
				CLANG_WARN_BOOL_CONVERSION = YES;
				CLANG_WARN_CONSTANT_CONVERSION = YES;
				CLANG_WARN_DIRECT_OBJC_ISA_USAGE = YES_ERROR;
				CLANG_WARN_EMPTY_BODY = YES;
				CLANG_WARN_ENUM_CONVERSION = YES;
				CLANG_WARN_INT_CONVERSION = YES;
				CLANG_WARN_OBJC_ROOT_CLASS = YES_ERROR;
				CLANG_WARN_UNREACHABLE_CODE = YES;
				CLANG_WARN__DUPLICATE_METHOD_MATCH = YES;
				CODE_SIGN_IDENTITY = "-";
				COPY_PHASE_STRIP = NO;
				DEBUG_INFORMATION_FORMAT = "dwarf-with-dsym";
				ENABLE_NS_ASSERTIONS = NO;
				ENABLE_STRICT_OBJC_MSGSEND = YES;
				GCC_C_LANGUAGE_STANDARD = gnu99;
				GCC_NO_COMMON_BLOCKS = YES;
				GCC_WARN_64_TO_32_BIT_CONVERSION = YES;
				GCC_WARN_ABOUT_RETURN_TYPE = YES_ERROR;
				GCC_WARN_UNDECLARED_SELECTOR = YES;
				GCC_WARN_UNINITIALIZED_AUTOS = YES_AGGRESSIVE;
				GCC_WARN_UNUSED_FUNCTION = YES;
				GCC_WARN_UNUSED_VARIABLE = YES;
				MACOSX_DEPLOYMENT_TARGET = 10.11;
				MTL_ENABLE_DEBUG_INFO = NO;
				SDKROOT = macosx;
			};
			name = Release;
		};
		F21351F71D2DF2BF00008D11 /* Debug */ = {
			isa = XCBuildConfiguration;
			buildSettings = {
				PRODUCT_NAME = "$(TARGET_NAME)";
			};
			name = Debug;
		};
		F21351F81D2DF2BF00008D11 /* Release */ = {
			isa = XCBuildConfiguration;
			buildSettings = {
				PRODUCT_NAME = "$(TARGET_NAME)";
			};
			name = Release;
		};
/* End XCBuildConfiguration section */

/* Begin XCConfigurationList section */
		F21351EA1D2DF2BF00008D11 /* Build configuration list for PBXProject "Projeto_Controle_Despesa" */ = {
			isa = XCConfigurationList;
			buildConfigurations = (
				F21351F41D2DF2BF00008D11 /* Debug */,
				F21351F51D2DF2BF00008D11 /* Release */,
			);
			defaultConfigurationIsVisible = 0;
			defaultConfigurationName = Release;
		};
		F21351F61D2DF2BF00008D11 /* Build configuration list for PBXNativeTarget "Projeto_Controle_Despesa" */ = {
			isa = XCConfigurationList;
			buildConfigurations = (
				F21351F71D2DF2BF00008D11 /* Debug */,
				F21351F81D2DF2BF00008D11 /* Release */,
			);
			defaultConfigurationIsVisible = 0;
		};
/* End XCConfigurationList section */
	};
	rootObject = F21351E71D2DF2BF00008D11 /* Project object */;
}
